
Microsoft Visual Studio Solution File, Format Version 12.00
# Visual Studio Version 16
VisualStudioVersion = 16.0.29025.244
MinimumVisualStudioVersion = 10.0.40219.1
Project("{2150E333-8FDC-42A3-9474-1A3956D46DE8}") = "src", "src", "{AFAA0841-BD93-466F-B8F4-FB4EEC86F1FC}"
EndProject
Project("{2150E333-8FDC-42A3-9474-1A3956D46DE8}") = "test", "test", "{F10AA149-2626-486E-85BB-9CD5365F3016}"
EndProject
Project("{9A19103F-16F7-4668-BE54-9A1E7A4F7556}") = "RMS.Web.Mvc", "src\RMS.Web.Mvc\RMS.Web.Mvc.csproj", "{A2213374-BB48-48FD-BBD4-81E6A961D866}"
EndProject
Project("{9A19103F-16F7-4668-BE54-9A1E7A4F7556}") = "RMS.Web.Host", "src\RMS.Web.Host\RMS.Web.Host.csproj", "{9FC37C62-2105-4D32-9724-7323B959504B}"
EndProject
Project("{9A19103F-16F7-4668-BE54-9A1E7A4F7556}") = "RMS.Core", "src\RMS.Core\RMS.Core.csproj", "{0FA75A5B-AB83-4FD0-B545-279774C01E87}"
EndProject
Project("{9A19103F-16F7-4668-BE54-9A1E7A4F7556}") = "RMS.Application", "src\RMS.Application\RMS.Application.csproj", "{3870C648-4AEA-4B85-BA3F-F2F63B96136A}"
EndProject
Project("{9A19103F-16F7-4668-BE54-9A1E7A4F7556}") = "RMS.Tests", "test\RMS.Tests\RMS.Tests.csproj", "{0D4C5D00-C144-4213-A007-4B8944113AB1}"
EndProject
Project("{9A19103F-16F7-4668-BE54-9A1E7A4F7556}") = "RMS.Migrator", "src\RMS.Migrator\RMS.Migrator.csproj", "{7CAD3713-812A-4DE1-BDE3-59225B1E430A}"
EndProject
Project("{9A19103F-16F7-4668-BE54-9A1E7A4F7556}") = "RMS.Web.Core", "src\RMS.Web.Core\RMS.Web.Core.csproj", "{0F0E141D-2626-4114-9805-3AFD8275A6B0}"
EndProject
Project("{9A19103F-16F7-4668-BE54-9A1E7A4F7556}") = "RMS.EntityFrameworkCore", "src\RMS.EntityFrameworkCore\RMS.EntityFrameworkCore.csproj", "{A229F7D5-EE83-462E-8642-E9A2D5EA90FE}"
EndProject
Project("{2150E333-8FDC-42A3-9474-1A3956D46DE8}") = "Solution Items", "Solution Items", "{D04D9608-9CEB-4E0A-B548-410F7475E9F1}"
	ProjectSection(SolutionItems) = preProject
		common.props = common.props
	EndProjectSection
EndProject
Project("{9A19103F-16F7-4668-BE54-9A1E7A4F7556}") = "RMS.Web.Public", "src\RMS.Web.Public\RMS.Web.Public.csproj", "{2A88C289-A06A-4D69-8C71-E632E0F6B96D}"
EndProject
Project("{9A19103F-16F7-4668-BE54-9A1E7A4F7556}") = "RMS.Application.Shared", "src\RMS.Application.Shared\RMS.Application.Shared.csproj", "{6143A90B-6C2A-4683-8A3A-4D48702770EA}"
EndProject
Project("{9A19103F-16F7-4668-BE54-9A1E7A4F7556}") = "RMS.Core.Shared", "src\RMS.Core.Shared\RMS.Core.Shared.csproj", "{4D6603C1-F7D6-4681-97F8-69B4BBBC0536}"
EndProject
Project("{9A19103F-16F7-4668-BE54-9A1E7A4F7556}") = "RMS.GraphQL", "src\RMS.GraphQL\RMS.GraphQL.csproj", "{06BE6AD3-3D14-4D0B-935A-4228C7904A9D}"
EndProject
Project("{9A19103F-16F7-4668-BE54-9A1E7A4F7556}") = "RMS.GraphQL.Tests", "test\RMS.GraphQL.Tests\RMS.GraphQL.Tests.csproj", "{E09101B3-F77E-4C72-8465-7B430FA93AD1}"
EndProject
Project("{9A19103F-16F7-4668-BE54-9A1E7A4F7556}") = "RMS.Test.Base", "test\RMS.Test.Base\RMS.Test.Base.csproj", "{62EC592B-CC95-43C2-9736-0EC6E46B01FA}"
EndProject
Project("{2150E333-8FDC-42A3-9474-1A3956D46DE8}") = "Websites", "Websites", "{C7865FAC-D92D-4D4C-BA37-C64C8A08FC06}"
EndProject
Project("{9A19103F-16F7-4668-BE54-9A1E7A4F7556}") = "RMS.Web.Website.SageAppliances", "src\RMS.Web.Website.SageAppliances\RMS.Web.Website.SageAppliances.csproj", "{76422E0A-40BF-4DD0-B675-FE4BBF90C357}"
EndProject
Project("{9A19103F-16F7-4668-BE54-9A1E7A4F7556}") = "RMS.Web.Website.PhilipsDA", "src\RMS.Web.Website.PhilipsDA\RMS.Web.Website.PhilipsDA.csproj", "{12FD8E32-932F-4925-9777-65FF0875ED51}"
EndProject
Project("{9A19103F-16F7-4668-BE54-9A1E7A4F7556}") = "RMS.Web.Website.Sanimed", "src\RMS.Web.Website.Sanimed\RMS.Web.Website.Sanimed.csproj", "{B089F18F-C1AA-4C7D-AB3B-6FBD1B40D678}"
EndProject
Project("{9A19103F-16F7-4668-BE54-9A1E7A4F7556}") = "RMS.Web.Website.BAT", "src\RMS.Web.Website.BAT\RMS.Web.Website.BAT.csproj", "{7F6A3A43-DA30-4A80-9323-57876D819063}"
EndProject
Project("{9A19103F-16F7-4668-BE54-9A1E7A4F7556}") = "RMS.Web.Website.Whirlpool", "src\RMS.Web.Website.Whirlpool\RMS.Web.Website.Whirlpool.csproj", "{3499FA42-C62C-4D56-B005-B1884FE7EACD}"
EndProject
Project("{9A19103F-16F7-4668-BE54-9A1E7A4F7556}") = "RMS.Web.Website.CaroCroc", "src\RMS.Web.Website.CaroCroc\RMS.Web.Website.CaroCroc.csproj", "{56113BFC-4D9D-4B6A-8C45-D90CAE7E199A}"
EndProject
Project("{9A19103F-16F7-4668-BE54-9A1E7A4F7556}") = "RMS.Web.Website.MakitaBE", "src\RMS.Web.Website.MakitaBE\RMS.Web.Website.MakitaBE.csproj", "{C71C1959-A995-4B80-9881-608DFE953A00}"
EndProject
Project("{9A19103F-16F7-4668-BE54-9A1E7A4F7556}") = "RMS.Web.Website.PhilipsPH", "src\RMS.Web.Website.PhilipsPH\RMS.Web.Website.PhilipsPH.csproj", "{3705D5F8-0B64-4F27-8B6D-1FB801D38252}"
EndProject
Global
	GlobalSection(SolutionConfigurationPlatforms) = preSolution
		Debug|Any CPU = Debug|Any CPU
		Release|Any CPU = Release|Any CPU
	EndGlobalSection
	GlobalSection(ProjectConfigurationPlatforms) = postSolution
		{A2213374-BB48-48FD-BBD4-81E6A961D866}.Debug|Any CPU.ActiveCfg = Debug|Any CPU
		{A2213374-BB48-48FD-BBD4-81E6A961D866}.Debug|Any CPU.Build.0 = Debug|Any CPU
		{A2213374-BB48-48FD-BBD4-81E6A961D866}.Release|Any CPU.ActiveCfg = Release|Any CPU
		{A2213374-BB48-48FD-BBD4-81E6A961D866}.Release|Any CPU.Build.0 = Release|Any CPU
		{9FC37C62-2105-4D32-9724-7323B959504B}.Debug|Any CPU.ActiveCfg = Debug|Any CPU
		{9FC37C62-2105-4D32-9724-7323B959504B}.Debug|Any CPU.Build.0 = Debug|Any CPU
		{9FC37C62-2105-4D32-9724-7323B959504B}.Release|Any CPU.ActiveCfg = Release|Any CPU
		{9FC37C62-2105-4D32-9724-7323B959504B}.Release|Any CPU.Build.0 = Release|Any CPU
		{0FA75A5B-AB83-4FD0-B545-279774C01E87}.Debug|Any CPU.ActiveCfg = Debug|Any CPU
		{0FA75A5B-AB83-4FD0-B545-279774C01E87}.Debug|Any CPU.Build.0 = Debug|Any CPU
		{0FA75A5B-AB83-4FD0-B545-279774C01E87}.Release|Any CPU.ActiveCfg = Release|Any CPU
		{0FA75A5B-AB83-4FD0-B545-279774C01E87}.Release|Any CPU.Build.0 = Release|Any CPU
		{3870C648-4AEA-4B85-BA3F-F2F63B96136A}.Debug|Any CPU.ActiveCfg = Debug|Any CPU
		{3870C648-4AEA-4B85-BA3F-F2F63B96136A}.Debug|Any CPU.Build.0 = Debug|Any CPU
		{3870C648-4AEA-4B85-BA3F-F2F63B96136A}.Release|Any CPU.ActiveCfg = Release|Any CPU
		{3870C648-4AEA-4B85-BA3F-F2F63B96136A}.Release|Any CPU.Build.0 = Release|Any CPU
		{0D4C5D00-C144-4213-A007-4B8944113AB1}.Debug|Any CPU.ActiveCfg = Debug|Any CPU
		{0D4C5D00-C144-4213-A007-4B8944113AB1}.Debug|Any CPU.Build.0 = Debug|Any CPU
		{0D4C5D00-C144-4213-A007-4B8944113AB1}.Release|Any CPU.ActiveCfg = Release|Any CPU
		{0D4C5D00-C144-4213-A007-4B8944113AB1}.Release|Any CPU.Build.0 = Release|Any CPU
		{7CAD3713-812A-4DE1-BDE3-59225B1E430A}.Debug|Any CPU.ActiveCfg = Debug|Any CPU
		{7CAD3713-812A-4DE1-BDE3-59225B1E430A}.Debug|Any CPU.Build.0 = Debug|Any CPU
		{7CAD3713-812A-4DE1-BDE3-59225B1E430A}.Release|Any CPU.ActiveCfg = Release|Any CPU
		{7CAD3713-812A-4DE1-BDE3-59225B1E430A}.Release|Any CPU.Build.0 = Release|Any CPU
		{0F0E141D-2626-4114-9805-3AFD8275A6B0}.Debug|Any CPU.ActiveCfg = Debug|Any CPU
		{0F0E141D-2626-4114-9805-3AFD8275A6B0}.Debug|Any CPU.Build.0 = Debug|Any CPU
		{0F0E141D-2626-4114-9805-3AFD8275A6B0}.Release|Any CPU.ActiveCfg = Release|Any CPU
		{0F0E141D-2626-4114-9805-3AFD8275A6B0}.Release|Any CPU.Build.0 = Release|Any CPU
		{A229F7D5-EE83-462E-8642-E9A2D5EA90FE}.Debug|Any CPU.ActiveCfg = Debug|Any CPU
		{A229F7D5-EE83-462E-8642-E9A2D5EA90FE}.Debug|Any CPU.Build.0 = Debug|Any CPU
		{A229F7D5-EE83-462E-8642-E9A2D5EA90FE}.Release|Any CPU.ActiveCfg = Release|Any CPU
		{A229F7D5-EE83-462E-8642-E9A2D5EA90FE}.Release|Any CPU.Build.0 = Release|Any CPU
		{25CD4D8C-D3DB-48A0-A4D0-639B6D0BDC7C}.Debug|Any CPU.ActiveCfg = Debug|Any CPU
		{25CD4D8C-D3DB-48A0-A4D0-639B6D0BDC7C}.Debug|Any CPU.Build.0 = Debug|Any CPU
		{25CD4D8C-D3DB-48A0-A4D0-639B6D0BDC7C}.Release|Any CPU.ActiveCfg = Release|Any CPU
		{25CD4D8C-D3DB-48A0-A4D0-639B6D0BDC7C}.Release|Any CPU.Build.0 = Release|Any CPU
		{2A88C289-A06A-4D69-8C71-E632E0F6B96D}.Debug|Any CPU.ActiveCfg = Debug|Any CPU
		{2A88C289-A06A-4D69-8C71-E632E0F6B96D}.Debug|Any CPU.Build.0 = Debug|Any CPU
		{2A88C289-A06A-4D69-8C71-E632E0F6B96D}.Release|Any CPU.ActiveCfg = Release|Any CPU
		{2A88C289-A06A-4D69-8C71-E632E0F6B96D}.Release|Any CPU.Build.0 = Release|Any CPU
		{6143A90B-6C2A-4683-8A3A-4D48702770EA}.Debug|Any CPU.ActiveCfg = Debug|Any CPU
		{6143A90B-6C2A-4683-8A3A-4D48702770EA}.Debug|Any CPU.Build.0 = Debug|Any CPU
		{6143A90B-6C2A-4683-8A3A-4D48702770EA}.Release|Any CPU.ActiveCfg = Release|Any CPU
		{6143A90B-6C2A-4683-8A3A-4D48702770EA}.Release|Any CPU.Build.0 = Release|Any CPU
		{4D6603C1-F7D6-4681-97F8-69B4BBBC0536}.Debug|Any CPU.ActiveCfg = Debug|Any CPU
		{4D6603C1-F7D6-4681-97F8-69B4BBBC0536}.Debug|Any CPU.Build.0 = Debug|Any CPU
		{4D6603C1-F7D6-4681-97F8-69B4BBBC0536}.Release|Any CPU.ActiveCfg = Release|Any CPU
		{4D6603C1-F7D6-4681-97F8-69B4BBBC0536}.Release|Any CPU.Build.0 = Release|Any CPU
		{06BE6AD3-3D14-4D0B-935A-4228C7904A9D}.Debug|Any CPU.ActiveCfg = Debug|Any CPU
		{06BE6AD3-3D14-4D0B-935A-4228C7904A9D}.Debug|Any CPU.Build.0 = Debug|Any CPU
		{06BE6AD3-3D14-4D0B-935A-4228C7904A9D}.Release|Any CPU.ActiveCfg = Release|Any CPU
		{06BE6AD3-3D14-4D0B-935A-4228C7904A9D}.Release|Any CPU.Build.0 = Release|Any CPU
		{E09101B3-F77E-4C72-8465-7B430FA93AD1}.Debug|Any CPU.ActiveCfg = Debug|Any CPU
		{E09101B3-F77E-4C72-8465-7B430FA93AD1}.Debug|Any CPU.Build.0 = Debug|Any CPU
		{E09101B3-F77E-4C72-8465-7B430FA93AD1}.Release|Any CPU.ActiveCfg = Release|Any CPU
		{E09101B3-F77E-4C72-8465-7B430FA93AD1}.Release|Any CPU.Build.0 = Release|Any CPU
		{62EC592B-CC95-43C2-9736-0EC6E46B01FA}.Debug|Any CPU.ActiveCfg = Debug|Any CPU
		{62EC592B-CC95-43C2-9736-0EC6E46B01FA}.Debug|Any CPU.Build.0 = Debug|Any CPU
		{62EC592B-CC95-43C2-9736-0EC6E46B01FA}.Release|Any CPU.ActiveCfg = Release|Any CPU
		{62EC592B-CC95-43C2-9736-0EC6E46B01FA}.Release|Any CPU.Build.0 = Release|Any CPU
		{76422E0A-40BF-4DD0-B675-FE4BBF90C357}.Debug|Any CPU.ActiveCfg = Debug|Any CPU
		{76422E0A-40BF-4DD0-B675-FE4BBF90C357}.Debug|Any CPU.Build.0 = Debug|Any CPU
		{76422E0A-40BF-4DD0-B675-FE4BBF90C357}.Release|Any CPU.ActiveCfg = Release|Any CPU
		{76422E0A-40BF-4DD0-B675-FE4BBF90C357}.Release|Any CPU.Build.0 = Release|Any CPU
		{12FD8E32-932F-4925-9777-65FF0875ED51}.Debug|Any CPU.ActiveCfg = Debug|Any CPU
		{12FD8E32-932F-4925-9777-65FF0875ED51}.Debug|Any CPU.Build.0 = Debug|Any CPU
		{12FD8E32-932F-4925-9777-65FF0875ED51}.Release|Any CPU.ActiveCfg = Release|Any CPU
		{12FD8E32-932F-4925-9777-65FF0875ED51}.Release|Any CPU.Build.0 = Release|Any CPU
		{B089F18F-C1AA-4C7D-AB3B-6FBD1B40D678}.Debug|Any CPU.ActiveCfg = Debug|Any CPU
		{B089F18F-C1AA-4C7D-AB3B-6FBD1B40D678}.Debug|Any CPU.Build.0 = Debug|Any CPU
		{B089F18F-C1AA-4C7D-AB3B-6FBD1B40D678}.Release|Any CPU.ActiveCfg = Release|Any CPU
		{B089F18F-C1AA-4C7D-AB3B-6FBD1B40D678}.Release|Any CPU.Build.0 = Release|Any CPU
		{7F6A3A43-DA30-4A80-9323-57876D819063}.Debug|Any CPU.ActiveCfg = Debug|Any CPU
		{7F6A3A43-DA30-4A80-9323-57876D819063}.Debug|Any CPU.Build.0 = Debug|Any CPU
		{7F6A3A43-DA30-4A80-9323-57876D819063}.Release|Any CPU.ActiveCfg = Release|Any CPU
		{7F6A3A43-DA30-4A80-9323-57876D819063}.Release|Any CPU.Build.0 = Release|Any CPU
		{3499FA42-C62C-4D56-B005-B1884FE7EACD}.Debug|Any CPU.ActiveCfg = Debug|Any CPU
		{3499FA42-C62C-4D56-B005-B1884FE7EACD}.Debug|Any CPU.Build.0 = Debug|Any CPU
		{3499FA42-C62C-4D56-B005-B1884FE7EACD}.Release|Any CPU.ActiveCfg = Release|Any CPU
		{3499FA42-C62C-4D56-B005-B1884FE7EACD}.Release|Any CPU.Build.0 = Release|Any CPU
		{56113BFC-4D9D-4B6A-8C45-D90CAE7E199A}.Debug|Any CPU.ActiveCfg = Debug|Any CPU
		{56113BFC-4D9D-4B6A-8C45-D90CAE7E199A}.Debug|Any CPU.Build.0 = Debug|Any CPU
		{56113BFC-4D9D-4B6A-8C45-D90CAE7E199A}.Release|Any CPU.ActiveCfg = Release|Any CPU
		{56113BFC-4D9D-4B6A-8C45-D90CAE7E199A}.Release|Any CPU.Build.0 = Release|Any CPU
		{C71C1959-A995-4B80-9881-608DFE953A00}.Debug|Any CPU.ActiveCfg = Debug|Any CPU
		{C71C1959-A995-4B80-9881-608DFE953A00}.Debug|Any CPU.Build.0 = Debug|Any CPU
		{C71C1959-A995-4B80-9881-608DFE953A00}.Release|Any CPU.ActiveCfg = Release|Any CPU
		{C71C1959-A995-4B80-9881-608DFE953A00}.Release|Any CPU.Build.0 = Release|Any CPU
		{3705D5F8-0B64-4F27-8B6D-1FB801D38252}.Debug|Any CPU.ActiveCfg = Debug|Any CPU
		{3705D5F8-0B64-4F27-8B6D-1FB801D38252}.Debug|Any CPU.Build.0 = Debug|Any CPU
		{3705D5F8-0B64-4F27-8B6D-1FB801D38252}.Release|Any CPU.ActiveCfg = Release|Any CPU
		{3705D5F8-0B64-4F27-8B6D-1FB801D38252}.Release|Any CPU.Build.0 = Release|Any CPU
	EndGlobalSection
	GlobalSection(SolutionProperties) = preSolution
		HideSolutionNode = FALSE
	EndGlobalSection
	GlobalSection(NestedProjects) = preSolution
		{A2213374-BB48-48FD-BBD4-81E6A961D866} = {AFAA0841-BD93-466F-B8F4-FB4EEC86F1FC}
		{9FC37C62-2105-4D32-9724-7323B959504B} = {AFAA0841-BD93-466F-B8F4-FB4EEC86F1FC}
		{0FA75A5B-AB83-4FD0-B545-279774C01E87} = {AFAA0841-BD93-466F-B8F4-FB4EEC86F1FC}
		{3870C648-4AEA-4B85-BA3F-F2F63B96136A} = {AFAA0841-BD93-466F-B8F4-FB4EEC86F1FC}
		{0D4C5D00-C144-4213-A007-4B8944113AB1} = {F10AA149-2626-486E-85BB-9CD5365F3016}
		{7CAD3713-812A-4DE1-BDE3-59225B1E430A} = {AFAA0841-BD93-466F-B8F4-FB4EEC86F1FC}
		{0F0E141D-2626-4114-9805-3AFD8275A6B0} = {AFAA0841-BD93-466F-B8F4-FB4EEC86F1FC}
		{A229F7D5-EE83-462E-8642-E9A2D5EA90FE} = {AFAA0841-BD93-466F-B8F4-FB4EEC86F1FC}
		{25CD4D8C-D3DB-48A0-A4D0-639B6D0BDC7C} = {F10AA149-2626-486E-85BB-9CD5365F3016}
		{2A88C289-A06A-4D69-8C71-E632E0F6B96D} = {C7865FAC-D92D-4D4C-BA37-C64C8A08FC06}
		{6143A90B-6C2A-4683-8A3A-4D48702770EA} = {AFAA0841-BD93-466F-B8F4-FB4EEC86F1FC}
		{4D6603C1-F7D6-4681-97F8-69B4BBBC0536} = {AFAA0841-BD93-466F-B8F4-FB4EEC86F1FC}
		{06BE6AD3-3D14-4D0B-935A-4228C7904A9D} = {AFAA0841-BD93-466F-B8F4-FB4EEC86F1FC}
		{E09101B3-F77E-4C72-8465-7B430FA93AD1} = {F10AA149-2626-486E-85BB-9CD5365F3016}
		{62EC592B-CC95-43C2-9736-0EC6E46B01FA} = {F10AA149-2626-486E-85BB-9CD5365F3016}
		{76422E0A-40BF-4DD0-B675-FE4BBF90C357} = {C7865FAC-D92D-4D4C-BA37-C64C8A08FC06}
		{12FD8E32-932F-4925-9777-65FF0875ED51} = {C7865FAC-D92D-4D4C-BA37-C64C8A08FC06}
		{B089F18F-C1AA-4C7D-AB3B-6FBD1B40D678} = {C7865FAC-D92D-4D4C-BA37-C64C8A08FC06}
		{7F6A3A43-DA30-4A80-9323-57876D819063} = {C7865FAC-D92D-4D4C-BA37-C64C8A08FC06}
		{3499FA42-C62C-4D56-B005-B1884FE7EACD} = {C7865FAC-D92D-4D4C-BA37-C64C8A08FC06}
		{56113BFC-4D9D-4B6A-8C45-D90CAE7E199A} = {C7865FAC-D92D-4D4C-BA37-C64C8A08FC06}
		{C71C1959-A995-4B80-9881-608DFE953A00} = {C7865FAC-D92D-4D4C-BA37-C64C8A08FC06}
		{3705D5F8-0B64-4F27-8B6D-1FB801D38252} = {C7865FAC-D92D-4D4C-BA37-C64C8A08FC06}
	EndGlobalSection
	GlobalSection(ExtensibilityGlobals) = postSolution
		SolutionGuid = {23CD4D4B-B131-473D-9ECB-5DD96E739671}
	EndGlobalSection
EndGlobal
